
Microsoft Visual Studio Solution File, Format Version 12.00
Project("{FAE04EC0-301F-11D3-BF4B-00C04F79EFBC}") = "RiasBot", "RiasBot\RiasBot.csproj", "{150A686A-A63F-4B8C-A4AA-E513D5848BE5}"
EndProject
Project("{FAE04EC0-301F-11D3-BF4B-00C04F79EFBC}") = "RiasBot.Core", "RiasBot.Core\RiasBot.Core.csproj", "{27A9EF71-430E-40E3-8A17-C7DC8D5A1001}"
EndProject
Global
	GlobalSection(SolutionConfigurationPlatforms) = preSolution
		Debug|Any CPU = Debug|Any CPU
		Release|Any CPU = Release|Any CPU
		Deploy|Any CPU = Deploy|Any CPU
	EndGlobalSection
	GlobalSection(ProjectConfigurationPlatforms) = postSolution
		{150A686A-A63F-4B8C-A4AA-E513D5848BE5}.Debug|Any CPU.ActiveCfg = Debug|Any CPU
		{150A686A-A63F-4B8C-A4AA-E513D5848BE5}.Debug|Any CPU.Build.0 = Debug|Any CPU
		{150A686A-A63F-4B8C-A4AA-E513D5848BE5}.Release|Any CPU.ActiveCfg = Release|Any CPU
		{150A686A-A63F-4B8C-A4AA-E513D5848BE5}.Release|Any CPU.Build.0 = Release|Any CPU
		{150A686A-A63F-4B8C-A4AA-E513D5848BE5}.Deploy|Any CPU.ActiveCfg = Deploy|Any CPU
		{150A686A-A63F-4B8C-A4AA-E513D5848BE5}.Deploy|Any CPU.Deploy.0 = Deploy|Any CPU
		{150A686A-A63F-4B8C-A4AA-E513D5848BE5}.Release|Any CPU.Deploy.0 = Release|Any CPU
		{27A9EF71-430E-40E3-8A17-C7DC8D5A1001}.Debug|Any CPU.ActiveCfg = Debug|Any CPU
		{27A9EF71-430E-40E3-8A17-C7DC8D5A1001}.Debug|Any CPU.Build.0 = Debug|Any CPU
		{27A9EF71-430E-40E3-8A17-C7DC8D5A1001}.Release|Any CPU.ActiveCfg = Release|Any CPU
		{27A9EF71-430E-40E3-8A17-C7DC8D5A1001}.Release|Any CPU.Build.0 = Release|Any CPU
		{27A9EF71-430E-40E3-8A17-C7DC8D5A1001}.Deploy|Any CPU.ActiveCfg = Deploy|Any CPU
		{27A9EF71-430E-40E3-8A17-C7DC8D5A1001}.Deploy|Any CPU.Deploy.0 = Deploy|Any CPU
		{27A9EF71-430E-40E3-8A17-C7DC8D5A1001}.Release|Any CPU.Deploy.0 = Release|Any CPU
	EndGlobalSection
EndGlobal
