
Microsoft Visual Studio Solution File, Format Version 12.00
Project("{FAE04EC0-301F-11D3-BF4B-00C04F79EFBC}") = "Rias", "Rias\Rias.csproj", "{49213FA3-5CBF-46D9-8FAF-D0C4823B1AD5}"
EndProject
Project("{FAE04EC0-301F-11D3-BF4B-00C04F79EFBC}") = "Rias.Core", "Rias.Core\Rias.Core.csproj", "{764B8E9A-0F2A-4DCB-802B-C997D38F2092}"
EndProject
Global
	GlobalSection(SolutionConfigurationPlatforms) = preSolution
		Debug|Any CPU = Debug|Any CPU
		Release|Any CPU = Release|Any CPU
	EndGlobalSection
	GlobalSection(ProjectConfigurationPlatforms) = postSolution
		{49213FA3-5CBF-46D9-8FAF-D0C4823B1AD5}.Debug|Any CPU.ActiveCfg = Debug|Any CPU
		{49213FA3-5CBF-46D9-8FAF-D0C4823B1AD5}.Debug|Any CPU.Build.0 = Debug|Any CPU
		{49213FA3-5CBF-46D9-8FAF-D0C4823B1AD5}.Release|Any CPU.ActiveCfg = Release|Any CPU
		{49213FA3-5CBF-46D9-8FAF-D0C4823B1AD5}.Release|Any CPU.Build.0 = Release|Any CPU
		{764B8E9A-0F2A-4DCB-802B-C997D38F2092}.Debug|Any CPU.ActiveCfg = Debug|Any CPU
		{764B8E9A-0F2A-4DCB-802B-C997D38F2092}.Debug|Any CPU.Build.0 = Debug|Any CPU
		{764B8E9A-0F2A-4DCB-802B-C997D38F2092}.Release|Any CPU.ActiveCfg = Release|Any CPU
		{764B8E9A-0F2A-4DCB-802B-C997D38F2092}.Release|Any CPU.Build.0 = Release|Any CPU
	EndGlobalSection
EndGlobal
