
Microsoft Visual Studio Solution File, Format Version 12.00
Project("{FAE04EC0-301F-11D3-BF4B-00C04F79EFBC}") = "Rias", "Rias\Rias.csproj", "{8B12657D-D916-4E9C-95D1-86515376B6E8}"
EndProject
Project("{FAE04EC0-301F-11D3-BF4B-00C04F79EFBC}") = "Rias.Common", "Rias.Common\Rias.Common.csproj", "{227DFF54-EEE4-4748-8DC2-DA01FB547720}"
EndProject
Project("{FAE04EC0-301F-11D3-BF4B-00C04F79EFBC}") = "Rias.ApplicationCommands", "Rias.ApplicationCommands\Rias.ApplicationCommands.csproj", "{81920773-3DC9-46FE-94A0-D9A7F722A664}"
EndProject
Project("{FAE04EC0-301F-11D3-BF4B-00C04F79EFBC}") = "Rias.TextCommands", "Rias.TextCommands\Rias.TextCommands.csproj", "{E538ED1B-CCDE-4959-B217-16077AD5B6DC}"
EndProject
Project("{FAE04EC0-301F-11D3-BF4B-00C04F79EFBC}") = "Rias.Services", "Rias.Services\Rias.Services.csproj", "{DBC66858-163F-433D-A235-A8233669C40E}"
EndProject
Global
	GlobalSection(SolutionConfigurationPlatforms) = preSolution
		Debug|Any CPU = Debug|Any CPU
		Release|Any CPU = Release|Any CPU
	EndGlobalSection
	GlobalSection(ProjectConfigurationPlatforms) = postSolution
		{8B12657D-D916-4E9C-95D1-86515376B6E8}.Debug|Any CPU.ActiveCfg = Debug|Any CPU
		{8B12657D-D916-4E9C-95D1-86515376B6E8}.Debug|Any CPU.Build.0 = Debug|Any CPU
		{8B12657D-D916-4E9C-95D1-86515376B6E8}.Release|Any CPU.ActiveCfg = Release|Any CPU
		{8B12657D-D916-4E9C-95D1-86515376B6E8}.Release|Any CPU.Build.0 = Release|Any CPU
		{227DFF54-EEE4-4748-8DC2-DA01FB547720}.Debug|Any CPU.ActiveCfg = Debug|Any CPU
		{227DFF54-EEE4-4748-8DC2-DA01FB547720}.Debug|Any CPU.Build.0 = Debug|Any CPU
		{227DFF54-EEE4-4748-8DC2-DA01FB547720}.Release|Any CPU.ActiveCfg = Release|Any CPU
		{227DFF54-EEE4-4748-8DC2-DA01FB547720}.Release|Any CPU.Build.0 = Release|Any CPU
		{81920773-3DC9-46FE-94A0-D9A7F722A664}.Debug|Any CPU.ActiveCfg = Debug|Any CPU
		{81920773-3DC9-46FE-94A0-D9A7F722A664}.Debug|Any CPU.Build.0 = Debug|Any CPU
		{81920773-3DC9-46FE-94A0-D9A7F722A664}.Release|Any CPU.ActiveCfg = Release|Any CPU
		{81920773-3DC9-46FE-94A0-D9A7F722A664}.Release|Any CPU.Build.0 = Release|Any CPU
		{E538ED1B-CCDE-4959-B217-16077AD5B6DC}.Debug|Any CPU.ActiveCfg = Debug|Any CPU
		{E538ED1B-CCDE-4959-B217-16077AD5B6DC}.Debug|Any CPU.Build.0 = Debug|Any CPU
		{E538ED1B-CCDE-4959-B217-16077AD5B6DC}.Release|Any CPU.ActiveCfg = Release|Any CPU
		{E538ED1B-CCDE-4959-B217-16077AD5B6DC}.Release|Any CPU.Build.0 = Release|Any CPU
		{DBC66858-163F-433D-A235-A8233669C40E}.Debug|Any CPU.ActiveCfg = Debug|Any CPU
		{DBC66858-163F-433D-A235-A8233669C40E}.Debug|Any CPU.Build.0 = Debug|Any CPU
		{DBC66858-163F-433D-A235-A8233669C40E}.Release|Any CPU.ActiveCfg = Release|Any CPU
		{DBC66858-163F-433D-A235-A8233669C40E}.Release|Any CPU.Build.0 = Release|Any CPU
	EndGlobalSection
EndGlobal
